# This file is automatically @generated by Cargo.
# It is not intended for manual editing.
version = 3

[[package]]
name = "library_a"
version = "0.1.0"
dependencies = [
 "some_crate 0.1.3",
]

[[package]]
name = "library_b"
version = "0.1.0"
dependencies = [
 "some_crate 0.2.1",
]

[[package]]
name = "main"
version = "0.1.0"
dependencies = [
 "library_a",
 "library_b",
]

[[package]]
name = "some_crate"
version = "0.1.3"
source = "registry+https://github.com/rust-lang/crates.io-index"
checksum = "e0366561b15608f149f4aa2c7eab695e34637d198804baa96c62481a2e8ac2b2"

[[package]]
name = "some_crate"
version = "0.2.1"
source = "registry+https://github.com/rust-lang/crates.io-index"
checksum = "29467b36d575693635d079fa6d3ef443338232d631c944d7c0040e6e6e34d750"
